
Microsoft Visual Studio Solution File, Format Version 12.00
# Visual Studio Version 17
VisualStudioVersion = 17.11.35312.102
MinimumVisualStudioVersion = 10.0.40219.1
Project("{FAE04EC0-301F-11D3-BF4B-00C04F79EFBC}") = "Parmeterized.UnitTests", "Parmeterized.UnitTests.csproj", "{B12FF8E5-60A4-4505-AD17-34D1CD0A42C3}"
EndProject
Project("{FAE04EC0-301F-11D3-BF4B-00C04F79EFBC}") = "TestProject.UnitTests", "..\TestProject.UnitTests\TestProject.UnitTests.csproj", "{1054AFA4-8A69-4E1D-B834-C81EECCFB635}"
EndProject
Global
	GlobalSection(SolutionConfigurationPlatforms) = preSolution
		Debug|Any CPU = Debug|Any CPU
		Release|Any CPU = Release|Any CPU
	EndGlobalSection
	GlobalSection(ProjectConfigurationPlatforms) = postSolution
		{B12FF8E5-60A4-4505-AD17-34D1CD0A42C3}.Debug|Any CPU.ActiveCfg = Debug|Any CPU
		{B12FF8E5-60A4-4505-AD17-34D1CD0A42C3}.Debug|Any CPU.Build.0 = Debug|Any CPU
		{B12FF8E5-60A4-4505-AD17-34D1CD0A42C3}.Release|Any CPU.ActiveCfg = Release|Any CPU
		{B12FF8E5-60A4-4505-AD17-34D1CD0A42C3}.Release|Any CPU.Build.0 = Release|Any CPU
		{1054AFA4-8A69-4E1D-B834-C81EECCFB635}.Debug|Any CPU.ActiveCfg = Debug|Any CPU
		{1054AFA4-8A69-4E1D-B834-C81EECCFB635}.Debug|Any CPU.Build.0 = Debug|Any CPU
		{1054AFA4-8A69-4E1D-B834-C81EECCFB635}.Release|Any CPU.ActiveCfg = Release|Any CPU
		{1054AFA4-8A69-4E1D-B834-C81EECCFB635}.Release|Any CPU.Build.0 = Release|Any CPU
	EndGlobalSection
	GlobalSection(SolutionProperties) = preSolution
		HideSolutionNode = FALSE
	EndGlobalSection
	GlobalSection(ExtensibilityGlobals) = postSolution
		SolutionGuid = {2F33B585-217A-4F5B-A308-BAA13BC95A27}
	EndGlobalSection
EndGlobal
